PODS:
  - AFNetworking (4.0.0):
    - AFNetworking/NSURLSession (= 4.0.0)
    - AFNetworking/Reachability (= 4.0.0)
    - AFNetworking/Security (= 4.0.0)
    - AFNetworking/Serialization (= 4.0.0)
    - AFNetworking/UIKit (= 4.0.0)
  - AFNetworking/NSURLSession (4.0.0):
    - AFNetworking/Reachability
    - AFNetworking/Security
    - AFNetworking/Serialization
  - AFNetworking/Reachability (4.0.0)
  - AFNetworking/Security (4.0.0)
  - AFNetworking/Serialization (4.0.0)
  - AFNetworking/UIKit (4.0.0):
    - AFNetworking/NSURLSession
  - RSGithubRepoListing (0.0.6):
    - AFNetworking (= 4.0.0)

DEPENDENCIES:
  - RSGithubRepoListing

SPEC REPOS:
  trunk:
    - AFNetworking
    - RSGithubRepoListing

SPEC CHECKSUMS:
  AFNetworking: d9fdf484a3c723ec3c558a41cc5754c7e845ee77
  RSGithubRepoListing: 78dea6dc278e3be34e4865266fec678ad2862780

PODFILE CHECKSUM: af54b354e15e45d215f357b4e3cc1e6736c6d271

COCOAPODS: 1.8.4
