PODS:
  - AFNetworking (4.0.0):
    - AFNetworking/NSURLSession (= 4.0.0)
    - AFNetworking/Reachability (= 4.0.0)
    - AFNetworking/Security (= 4.0.0)
    - AFNetworking/Serialization (= 4.0.0)
    - AFNetworking/UIKit (= 4.0.0)
  - AFNetworking/NSURLSession (4.0.0):
    - AFNetworking/Reachability
    - AFNetworking/Security
    - AFNetworking/Serialization
  - AFNetworking/Reachability (4.0.0)
  - AFNetworking/Security (4.0.0)
  - AFNetworking/Serialization (4.0.0)
  - AFNetworking/UIKit (4.0.0):
    - AFNetworking/NSURLSession
  - RSGithubRepoListing (0.0.1):
    - AFNetworking (= 4.0.0)

DEPENDENCIES:
  - RSGithubRepoListing (from `../RSGithubRepoListing/`)

SPEC REPOS:
  trunk:
    - AFNetworking

EXTERNAL SOURCES:
  RSGithubRepoListing:
    :path: "../RSGithubRepoListing/"

SPEC CHECKSUMS:
  AFNetworking: d9fdf484a3c723ec3c558a41cc5754c7e845ee77
  RSGithubRepoListing: d957f7aa9975a57b642c47adcea7f3b7eba65991

PODFILE CHECKSUM: b5788eebced04075749061c5cdd6b13b79b64668

COCOAPODS: 1.8.4
