// !$*UTF8*$!
{
	archiveVersion = 1;
	classes = {
	};
	objectVersion = 50;
	objects = {

/* Begin PBXBuildFile section */
		5F6A6FFD24CB0C0000013237 /* AppDelegate.swift in Sources */ = {isa = PBXBuildFile; fileRef = 5F6A6FFC24CB0C0000013237 /* AppDelegate.swift */; };
		5F6A6FFF24CB0C0000013237 /* SceneDelegate.swift in Sources */ = {isa = PBXBuildFile; fileRef = 5F6A6FFE24CB0C0000013237 /* SceneDelegate.swift */; };
		5F6A700124CB0C0000013237 /* ViewController.swift in Sources */ = {isa = PBXBuildFile; fileRef = 5F6A700024CB0C0000013237 /* ViewController.swift */; };
		5F6A700424CB0C0000013237 /* Main.storyboard in Resources */ = {isa = PBXBuildFile; fileRef = 5F6A700224CB0C0000013237 /* Main.storyboard */; };
		5F6A700624CB0C0200013237 /* Assets.xcassets in Resources */ = {isa = PBXBuildFile; fileRef = 5F6A700524CB0C0200013237 /* Assets.xcassets */; };
		5F6A700924CB0C0200013237 /* LaunchScreen.storyboard in Resources */ = {isa = PBXBuildFile; fileRef = 5F6A700724CB0C0200013237 /* LaunchScreen.storyboard */; };
		A04BA1BF2443417BB9FDBE3C /* Pods_ExampleProjectSwift.framework in Frameworks */ = {isa = PBXBuildFile; fileRef = 76EEAFC79F094361078EA7E1 /* Pods_ExampleProjectSwift.framework */; };
/* End PBXBuildFile section */

/* Begin PBXFileReference section */
		2AA0B76D7A581950E6533D2D /* Pods-ExampleProjectSwift.debug.xcconfig */ = {isa = PBXFileReference; includeInIndex = 1; lastKnownFileType = text.xcconfig; name = "Pods-ExampleProjectSwift.debug.xcconfig"; path = "Target Support Files/Pods-ExampleProjectSwift/Pods-ExampleProjectSwift.debug.xcconfig"; sourceTree = "<group>"; };
		5F6A6FF924CB0C0000013237 /* ExampleProjectSwift.app */ = {isa = PBXFileReference; explicitFileType = wrapper.application; includeInIndex = 0; path = ExampleProjectSwift.app; sourceTree = BUILT_PRODUCTS_DIR; };
		5F6A6FFC24CB0C0000013237 /* AppDelegate.swift */ = {isa = PBXFileReference; lastKnownFileType = sourcecode.swift; path = AppDelegate.swift; sourceTree = "<group>"; };
		5F6A6FFE24CB0C0000013237 /* SceneDelegate.swift */ = {isa = PBXFileReference; lastKnownFileType = sourcecode.swift; path = SceneDelegate.swift; sourceTree = "<group>"; };
		5F6A700024CB0C0000013237 /* ViewController.swift */ = {isa = PBXFileReference; lastKnownFileType = sourcecode.swift; path = ViewController.swift; sourceTree = "<group>"; };
		5F6A700324CB0C0000013237 /* Base */ = {isa = PBXFileReference; lastKnownFileType = file.storyboard; name = Base; path = Base.lproj/Main.storyboard; sourceTree = "<group>"; };
		5F6A700524CB0C0200013237 /* Assets.xcassets */ = {isa = PBXFileReference; lastKnownFileType = folder.assetcatalog; path = Assets.xcassets; sourceTree = "<group>"; };
		5F6A700824CB0C0200013237 /* Base */ = {isa = PBXFileReference; lastKnownFileType = file.storyboard; name = Base; path = Base.lproj/LaunchScreen.storyboard; sourceTree = "<group>"; };
		5F6A700A24CB0C0200013237 /* Info.plist */ = {isa = PBXFileReference; lastKnownFileType = text.plist.xml; path = Info.plist; sourceTree = "<group>"; };
		76EEAFC79F094361078EA7E1 /* Pods_ExampleProjectSwift.framework */ = {isa = PBXFileReference; explicitFileType = wrapper.framework; includeInIndex = 0; path = Pods_ExampleProjectSwift.framework; sourceTree = BUILT_PRODUCTS_DIR; };
		B4F0927EDF848BAB8C098787 /* Pods-ExampleProjectSwift.release.xcconfig */ = {isa = PBXFileReference; includeInIndex = 1; lastKnownFileType = text.xcconfig; name = "Pods-ExampleProjectSwift.release.xcconfig"; path = "Target Support Files/Pods-ExampleProjectSwift/Pods-ExampleProjectSwift.release.xcconfig"; sourceTree = "<group>"; };
/* End PBXFileReference section */

/* Begin PBXFrameworksBuildPhase section */
		5F6A6FF624CB0C0000013237 /* Frameworks */ = {
			isa = PBXFrameworksBuildPhase;
			buildActionMask = 2147483647;
			files = (
				A04BA1BF2443417BB9FDBE3C /* Pods_ExampleProjectSwift.framework in Frameworks */,
			);
			runOnlyForDeploymentPostprocessing = 0;
		};
/* End PBXFrameworksBuildPhase section */

/* Begin PBXGroup section */
		435FF1468FD0DEC6175E6AF2 /* Frameworks */ = {
			isa = PBXGroup;
			children = (
				76EEAFC79F094361078EA7E1 /* Pods_ExampleProjectSwift.framework */,
			);
			name = Frameworks;
			sourceTree = "<group>";
		};
		5F6A6FF024CB0C0000013237 = {
			isa = PBXGroup;
			children = (
				5F6A6FFB24CB0C0000013237 /* ExampleProjectSwift */,
				5F6A6FFA24CB0C0000013237 /* Products */,
				F20A73E852B2F934B451045C /* Pods */,
				435FF1468FD0DEC6175E6AF2 /* Frameworks */,
			);
			sourceTree = "<group>";
		};
		5F6A6FFA24CB0C0000013237 /* Products */ = {
			isa = PBXGroup;
			children = (
				5F6A6FF924CB0C0000013237 /* ExampleProjectSwift.app */,
			);
			name = Products;
			sourceTree = "<group>";
		};
		5F6A6FFB24CB0C0000013237 /* ExampleProjectSwift */ = {
			isa = PBXGroup;
			children = (
				5F6A6FFC24CB0C0000013237 /* AppDelegate.swift */,
				5F6A6FFE24CB0C0000013237 /* SceneDelegate.swift */,
				5F6A700024CB0C0000013237 /* ViewController.swift */,
				5F6A700224CB0C0000013237 /* Main.storyboard */,
				5F6A700524CB0C0200013237 /* Assets.xcassets */,
				5F6A700724CB0C0200013237 /* LaunchScreen.storyboard */,
				5F6A700A24CB0C0200013237 /* Info.plist */,
			);
			path = ExampleProjectSwift;
			sourceTree = "<group>";
		};
		F20A73E852B2F934B451045C /* Pods */ = {
			isa = PBXGroup;
			children = (
				2AA0B76D7A581950E6533D2D /* Pods-ExampleProjectSwift.debug.xcconfig */,
				B4F0927EDF848BAB8C098787 /* Pods-ExampleProjectSwift.release.xcconfig */,
			);
			name = Pods;
			path = Pods;
			sourceTree = "<group>";
		};
/* End PBXGroup section */

/* Begin PBXNativeTarget section */
		5F6A6FF824CB0C0000013237 /* ExampleProjectSwift */ = {
			isa = PBXNativeTarget;
			buildConfigurationList = 5F6A700D24CB0C0200013237 /* Build configuration list for PBXNativeTarget "ExampleProjectSwift" */;
			buildPhases = (
				735EAFB48697BD0C4667A010 /* [CP] Check Pods Manifest.lock */,
				5F6A6FF524CB0C0000013237 /* Sources */,
				5F6A6FF624CB0C0000013237 /* Frameworks */,
				5F6A6FF724CB0C0000013237 /* Resources */,
				CE487B9ACEADD2207C90B43D /* [CP] Embed Pods Frameworks */,
			);
			buildRules = (
			);
			dependencies = (
			);
			name = ExampleProjectSwift;
			productName = ExampleProjectSwift;
			productReference = 5F6A6FF924CB0C0000013237 /* ExampleProjectSwift.app */;
			productType = "com.apple.product-type.application";
		};
/* End PBXNativeTarget section */

/* Begin PBXProject section */
		5F6A6FF124CB0C0000013237 /* Project object */ = {
			isa = PBXProject;
			attributes = {
				LastSwiftUpdateCheck = 1160;
				LastUpgradeCheck = 1160;
				ORGANIZATIONNAME = "Rahul Dange";
				TargetAttributes = {
					5F6A6FF824CB0C0000013237 = {
						CreatedOnToolsVersion = 11.6;
					};
				};
			};
			buildConfigurationList = 5F6A6FF424CB0C0000013237 /* Build configuration list for PBXProject "ExampleProjectSwift" */;
			compatibilityVersion = "Xcode 9.3";
			developmentRegion = en;
			hasScannedForEncodings = 0;
			knownRegions = (
				en,
				Base,
			);
			mainGroup = 5F6A6FF024CB0C0000013237;
			productRefGroup = 5F6A6FFA24CB0C0000013237 /* Products */;
			projectDirPath = "";
			projectRoot = "";
			targets = (
				5F6A6FF824CB0C0000013237 /* ExampleProjectSwift */,
			);
		};
/* End PBXProject section */

/* Begin PBXResourcesBuildPhase section */
		5F6A6FF724CB0C0000013237 /* Resources */ = {
			isa = PBXResourcesBuildPhase;
			buildActionMask = 2147483647;
			files = (
				5F6A700924CB0C0200013237 /* LaunchScreen.storyboard in Resources */,
				5F6A700624CB0C0200013237 /* Assets.xcassets in Resources */,
				5F6A700424CB0C0000013237 /* Main.storyboard in Resources */,
			);
			runOnlyForDeploymentPostprocessing = 0;
		};
/* End PBXResourcesBuildPhase section */

/* Begin PBXShellScriptBuildPhase section */
		735EAFB48697BD0C4667A010 /* [CP] Check Pods Manifest.lock */ = {
			isa = PBXShellScriptBuildPhase;
			buildActionMask = 2147483647;
			files = (
			);
			inputFileListPaths = (
			);
			inputPaths = (
				"${PODS_PODFILE_DIR_PATH}/Podfile.lock",
				"${PODS_ROOT}/Manifest.lock",
			);
			name = "[CP] Check Pods Manifest.lock";
			outputFileListPaths = (
			);
			outputPaths = (
				"$(DERIVED_FILE_DIR)/Pods-ExampleProjectSwift-checkManifestLockResult.txt",
			);
			runOnlyForDeploymentPostprocessing = 0;
			shellPath = /bin/sh;
			shellScript = "diff \"${PODS_PODFILE_DIR_PATH}/Podfile.lock\" \"${PODS_ROOT}/Manifest.lock\" > /dev/null\nif [ $? != 0 ] ; then\n    # print error to STDERR\n    echo \"error: The sandbox is not in sync with the Podfile.lock. Run 'pod install' or update your CocoaPods installation.\" >&2\n    exit 1\nfi\n# This output is used by Xcode 'outputs' to avoid re-running this script phase.\necho \"SUCCESS\" > \"${SCRIPT_OUTPUT_FILE_0}\"\n";
			showEnvVarsInLog = 0;
		};
		CE487B9ACEADD2207C90B43D /* [CP] Embed Pods Frameworks */ = {
			isa = PBXShellScriptBuildPhase;
			buildActionMask = 2147483647;
			files = (
			);
			inputFileListPaths = (
				"${PODS_ROOT}/Target Support Files/Pods-ExampleProjectSwift/Pods-ExampleProjectSwift-frameworks-${CONFIGURATION}-input-files.xcfilelist",
			);
			name = "[CP] Embed Pods Frameworks";
			outputFileListPaths = (
				"${PODS_ROOT}/Target Support Files/Pods-ExampleProjectSwift/Pods-ExampleProjectSwift-frameworks-${CONFIGURATION}-output-files.xcfilelist",
			);
			runOnlyForDeploymentPostprocessing = 0;
			shellPath = /bin/sh;
			shellScript = "\"${PODS_ROOT}/Target Support Files/Pods-ExampleProjectSwift/Pods-ExampleProjectSwift-frameworks.sh\"\n";
			showEnvVarsInLog = 0;
		};
/* End PBXShellScriptBuildPhase section */

/* Begin PBXSourcesBuildPhase section */
		5F6A6FF524CB0C0000013237 /* Sources */ = {
			isa = PBXSourcesBuildPhase;
			buildActionMask = 2147483647;
			files = (
				5F6A700124CB0C0000013237 /* ViewController.swift in Sources */,
				5F6A6FFD24CB0C0000013237 /* AppDelegate.swift in Sources */,
				5F6A6FFF24CB0C0000013237 /* SceneDelegate.swift in Sources */,
			);
			runOnlyForDeploymentPostprocessing = 0;
		};
/* End PBXSourcesBuildPhase section */

/* Begin PBXVariantGroup section */
		5F6A700224CB0C0000013237 /* Main.storyboard */ = {
			isa = PBXVariantGroup;
			children = (
				5F6A700324CB0C0000013237 /* Base */,
			);
			name = Main.storyboard;
			sourceTree = "<group>";
		};
		5F6A700724CB0C0200013237 /* LaunchScreen.storyboard */ = {
			isa = PBXVariantGroup;
			children = (
				5F6A700824CB0C0200013237 /* Base */,
			);
			name = LaunchScreen.storyboard;
			sourceTree = "<group>";
		};
/* End PBXVariantGroup section */

/* Begin XCBuildConfiguration section */
		5F6A700B24CB0C0200013237 /* Debug */ = {
			isa = XCBuildConfiguration;
			buildSettings = {
				ALWAYS_SEARCH_USER_PATHS = NO;
				CLANG_ANALYZER_NONNULL = YES;
				CLANG_ANALYZER_NUMBER_OBJECT_CONVERSION = YES_AGGRESSIVE;
				CLANG_CXX_LANGUAGE_STANDARD = "gnu++14";
				CLANG_CXX_LIBRARY = "libc++";
				CLANG_ENABLE_MODULES = YES;
				CLANG_ENABLE_OBJC_ARC = YES;
				CLANG_ENABLE_OBJC_WEAK = YES;
				CLANG_WARN_BLOCK_CAPTURE_AUTORELEASING = YES;
				CLANG_WARN_BOOL_CONVERSION = YES;
				CLANG_WARN_COMMA = YES;
				CLANG_WARN_CONSTANT_CONVERSION = YES;
				CLANG_WARN_DEPRECATED_OBJC_IMPLEMENTATIONS = YES;
				CLANG_WARN_DIRECT_OBJC_ISA_USAGE = YES_ERROR;
				CLANG_WARN_DOCUMENTATION_COMMENTS = YES;
				CLANG_WARN_EMPTY_BODY = YES;
				CLANG_WARN_ENUM_CONVERSION = YES;
				CLANG_WARN_INFINITE_RECURSION = YES;
				CLANG_WARN_INT_CONVERSION = YES;
				CLANG_WARN_NON_LITERAL_NULL_CONVERSION = YES;
				CLANG_WARN_OBJC_IMPLICIT_RETAIN_SELF = YES;
				CLANG_WARN_OBJC_LITERAL_CONVERSION = YES;
				CLANG_WARN_OBJC_ROOT_CLASS = YES_ERROR;
				CLANG_WARN_RANGE_LOOP_ANALYSIS = YES;
				CLANG_WARN_STRICT_PROTOTYPES = YES;
				CLANG_WARN_SUSPICIOUS_MOVE = YES;
				CLANG_WARN_UNGUARDED_AVAILABILITY = YES_AGGRESSIVE;
				CLANG_WARN_UNREACHABLE_CODE = YES;
				CLANG_WARN__DUPLICATE_METHOD_MATCH = YES;
				COPY_PHASE_STRIP = NO;
				DEBUG_INFORMATION_FORMAT = dwarf;
				ENABLE_STRICT_OBJC_MSGSEND = YES;
				ENABLE_TESTABILITY = YES;
				GCC_C_LANGUAGE_STANDARD = gnu11;
				GCC_DYNAMIC_NO_PIC = NO;
				GCC_NO_COMMON_BLOCKS = YES;
				GCC_OPTIMIZATION_LEVEL = 0;
				GCC_PREPROCESSOR_DEFINITIONS = (
					"DEBUG=1",
					"$(inherited)",
				);
				GCC_WARN_64_TO_32_BIT_CONVERSION = YES;
				GCC_WARN_ABOUT_RETURN_TYPE = YES_ERROR;
				GCC_WARN_UNDECLARED_SELECTOR = YES;
				GCC_WARN_UNINITIALIZED_AUTOS = YES_AGGRESSIVE;
				GCC_WARN_UNUSED_FUNCTION = YES;
				GCC_WARN_UNUSED_VARIABLE = YES;
				IPHONEOS_DEPLOYMENT_TARGET = 13.6;
				MTL_ENABLE_DEBUG_INFO = INCLUDE_SOURCE;
				MTL_FAST_MATH = YES;
				ONLY_ACTIVE_ARCH = YES;
				SDKROOT = iphoneos;
				SWIFT_ACTIVE_COMPILATION_CONDITIONS = DEBUG;
				SWIFT_OPTIMIZATION_LEVEL = "-Onone";
			};
			name = Debug;
		};
		5F6A700C24CB0C0200013237 /* Release */ = {
			isa = XCBuildConfiguration;
			buildSettings = {
				ALWAYS_SEARCH_USER_PATHS = NO;
				CLANG_ANALYZER_NONNULL = YES;
				CLANG_ANALYZER_NUMBER_OBJECT_CONVERSION = YES_AGGRESSIVE;
				CLANG_CXX_LANGUAGE_STANDARD = "gnu++14";
				CLANG_CXX_LIBRARY = "libc++";
				CLANG_ENABLE_MODULES = YES;
				CLANG_ENABLE_OBJC_ARC = YES;
				CLANG_ENABLE_OBJC_WEAK = YES;
				CLANG_WARN_BLOCK_CAPTURE_AUTORELEASING = YES;
				CLANG_WARN_BOOL_CONVERSION = YES;
				CLANG_WARN_COMMA = YES;
				CLANG_WARN_CONSTANT_CONVERSION = YES;
				CLANG_WARN_DEPRECATED_OBJC_IMPLEMENTATIONS = YES;
				CLANG_WARN_DIRECT_OBJC_ISA_USAGE = YES_ERROR;
				CLANG_WARN_DOCUMENTATION_COMMENTS = YES;
				CLANG_WARN_EMPTY_BODY = YES;
				CLANG_WARN_ENUM_CONVERSION = YES;
				CLANG_WARN_INFINITE_RECURSION = YES;
				CLANG_WARN_INT_CONVERSION = YES;
				CLANG_WARN_NON_LITERAL_NULL_CONVERSION = YES;
				CLANG_WARN_OBJC_IMPLICIT_RETAIN_SELF = YES;
				CLANG_WARN_OBJC_LITERAL_CONVERSION = YES;
				CLANG_WARN_OBJC_ROOT_CLASS = YES_ERROR;
				CLANG_WARN_RANGE_LOOP_ANALYSIS = YES;
				CLANG_WARN_STRICT_PROTOTYPES = YES;
				CLANG_WARN_SUSPICIOUS_MOVE = YES;
				CLANG_WARN_UNGUARDED_AVAILABILITY = YES_AGGRESSIVE;
				CLANG_WARN_UNREACHABLE_CODE = YES;
				CLANG_WARN__DUPLICATE_METHOD_MATCH = YES;
				COPY_PHASE_STRIP = NO;
				DEBUG_INFORMATION_FORMAT = "dwarf-with-dsym";
				ENABLE_NS_ASSERTIONS = NO;
				ENABLE_STRICT_OBJC_MSGSEND = YES;
				GCC_C_LANGUAGE_STANDARD = gnu11;
				GCC_NO_COMMON_BLOCKS = YES;
				GCC_WARN_64_TO_32_BIT_CONVERSION = YES;
				GCC_WARN_ABOUT_RETURN_TYPE = YES_ERROR;
				GCC_WARN_UNDECLARED_SELECTOR = YES;
				GCC_WARN_UNINITIALIZED_AUTOS = YES_AGGRESSIVE;
				GCC_WARN_UNUSED_FUNCTION = YES;
				GCC_WARN_UNUSED_VARIABLE = YES;
				IPHONEOS_DEPLOYMENT_TARGET = 13.6;
				MTL_ENABLE_DEBUG_INFO = NO;
				MTL_FAST_MATH = YES;
				SDKROOT = iphoneos;
				SWIFT_COMPILATION_MODE = wholemodule;
				SWIFT_OPTIMIZATION_LEVEL = "-O";
				VALIDATE_PRODUCT = YES;
			};
			name = Release;
		};
		5F6A700E24CB0C0200013237 /* Debug */ = {
			isa = XCBuildConfiguration;
			baseConfigurationReference = 2AA0B76D7A581950E6533D2D /* Pods-ExampleProjectSwift.debug.xcconfig */;
			buildSettings = {
				ASSETCATALOG_COMPILER_APPICON_NAME = AppIcon;
				CODE_SIGN_STYLE = Automatic;
				DEVELOPMENT_TEAM = 53XT5T6645;
				INFOPLIST_FILE = ExampleProjectSwift/Info.plist;
				LD_RUNPATH_SEARCH_PATHS = (
					"$(inherited)",
					"@executable_path/Frameworks",
				);
				PRODUCT_BUNDLE_IDENTIFIER = com.rahul.ExampleProjectSwift;
				PRODUCT_NAME = "$(TARGET_NAME)";
				SWIFT_VERSION = 5.0;
				TARGETED_DEVICE_FAMILY = "1,2";
			};
			name = Debug;
		};
		5F6A700F24CB0C0200013237 /* Release */ = {
			isa = XCBuildConfiguration;
			baseConfigurationReference = B4F0927EDF848BAB8C098787 /* Pods-ExampleProjectSwift.release.xcconfig */;
			buildSettings = {
				ASSETCATALOG_COMPILER_APPICON_NAME = AppIcon;
				CODE_SIGN_STYLE = Automatic;
				DEVELOPMENT_TEAM = 53XT5T6645;
				INFOPLIST_FILE = ExampleProjectSwift/Info.plist;
				LD_RUNPATH_SEARCH_PATHS = (
					"$(inherited)",
					"@executable_path/Frameworks",
				);
				PRODUCT_BUNDLE_IDENTIFIER = com.rahul.ExampleProjectSwift;
				PRODUCT_NAME = "$(TARGET_NAME)";
				SWIFT_VERSION = 5.0;
				TARGETED_DEVICE_FAMILY = "1,2";
			};
			name = Release;
		};
/* End XCBuildConfiguration section */

/* Begin XCConfigurationList section */
		5F6A6FF424CB0C0000013237 /* Build configuration list for PBXProject "ExampleProjectSwift" */ = {
			isa = XCConfigurationList;
			buildConfigurations = (
				5F6A700B24CB0C0200013237 /* Debug */,
				5F6A700C24CB0C0200013237 /* Release */,
			);
			defaultConfigurationIsVisible = 0;
			defaultConfigurationName = Release;
		};
		5F6A700D24CB0C0200013237 /* Build configuration list for PBXNativeTarget "ExampleProjectSwift" */ = {
			isa = XCConfigurationList;
			buildConfigurations = (
				5F6A700E24CB0C0200013237 /* Debug */,
				5F6A700F24CB0C0200013237 /* Release */,
			);
			defaultConfigurationIsVisible = 0;
			defaultConfigurationName = Release;
		};
/* End XCConfigurationList section */
	};
	rootObject = 5F6A6FF124CB0C0000013237 /* Project object */;
}
